
Microsoft Visual Studio Solution File, Format Version 12.00
# Visual Studio 15
VisualStudioVersion = 15.0.28010.2003
MinimumVisualStudioVersion = 10.0.40219.1
Project("{FAE04EC0-301F-11D3-BF4B-00C04F79EFBC}") = "PiisPlex.Android", "PiisPlex\PiisPlex.Android\PiisPlex.Android.csproj", "{4193D520-88F0-4D26-9F55-60FDF1A134D2}"
EndProject
Project("{FAE04EC0-301F-11D3-BF4B-00C04F79EFBC}") = "PiisPlex.iOS", "PiisPlex\PiisPlex.iOS\PiisPlex.iOS.csproj", "{4CE0CA7C-24BF-473A-95BC-06AA4B611792}"
EndProject
Project("{FAE04EC0-301F-11D3-BF4B-00C04F79EFBC}") = "PiisPlex.UWP", "PiisPlex\PiisPlex.UWP\PiisPlex.UWP.csproj", "{F3A7C2C2-F653-425E-AA10-4375BB6E20D0}"
EndProject
Project("{FAE04EC0-301F-11D3-BF4B-00C04F79EFBC}") = "PiisPlex", "PiisPlex\PiisPlex\PiisPlex.csproj", "{C1C10518-87BA-4BDF-B8AA-C4F457F78A98}"
EndProject
Global
	GlobalSection(SolutionConfigurationPlatforms) = preSolution
		Ad-Hoc|Any CPU = Ad-Hoc|Any CPU
		Ad-Hoc|ARM = Ad-Hoc|ARM
		Ad-Hoc|iPhone = Ad-Hoc|iPhone
		Ad-Hoc|iPhoneSimulator = Ad-Hoc|iPhoneSimulator
		Ad-Hoc|x64 = Ad-Hoc|x64
		Ad-Hoc|x86 = Ad-Hoc|x86
		AppStore|Any CPU = AppStore|Any CPU
		AppStore|ARM = AppStore|ARM
		AppStore|iPhone = AppStore|iPhone
		AppStore|iPhoneSimulator = AppStore|iPhoneSimulator
		AppStore|x64 = AppStore|x64
		AppStore|x86 = AppStore|x86
		Debug|Any CPU = Debug|Any CPU
		Debug|ARM = Debug|ARM
		Debug|iPhone = Debug|iPhone
		Debug|iPhoneSimulator = Debug|iPhoneSimulator
		Debug|x64 = Debug|x64
		Debug|x86 = Debug|x86
		Release|Any CPU = Release|Any CPU
		Release|ARM = Release|ARM
		Release|iPhone = Release|iPhone
		Release|iPhoneSimulator = Release|iPhoneSimulator
		Release|x64 = Release|x64
		Release|x86 = Release|x86
	EndGlobalSection
	GlobalSection(ProjectConfigurationPlatforms) = postSolution
		{4193D520-88F0-4D26-9F55-60FDF1A134D2}.Ad-Hoc|Any CPU.ActiveCfg = Release|Any CPU
		{4193D520-88F0-4D26-9F55-60FDF1A134D2}.Ad-Hoc|Any CPU.Build.0 = Release|Any CPU
		{4193D520-88F0-4D26-9F55-60FDF1A134D2}.Ad-Hoc|Any CPU.Deploy.0 = Release|Any CPU
		{4193D520-88F0-4D26-9F55-60FDF1A134D2}.Ad-Hoc|ARM.ActiveCfg = Release|Any CPU
		{4193D520-88F0-4D26-9F55-60FDF1A134D2}.Ad-Hoc|ARM.Build.0 = Release|Any CPU
		{4193D520-88F0-4D26-9F55-60FDF1A134D2}.Ad-Hoc|ARM.Deploy.0 = Release|Any CPU
		{4193D520-88F0-4D26-9F55-60FDF1A134D2}.Ad-Hoc|iPhone.ActiveCfg = Release|Any CPU
		{4193D520-88F0-4D26-9F55-60FDF1A134D2}.Ad-Hoc|iPhone.Build.0 = Release|Any CPU
		{4193D520-88F0-4D26-9F55-60FDF1A134D2}.Ad-Hoc|iPhone.Deploy.0 = Release|Any CPU
		{4193D520-88F0-4D26-9F55-60FDF1A134D2}.Ad-Hoc|iPhoneSimulator.ActiveCfg = Release|Any CPU
		{4193D520-88F0-4D26-9F55-60FDF1A134D2}.Ad-Hoc|iPhoneSimulator.Build.0 = Release|Any CPU
		{4193D520-88F0-4D26-9F55-60FDF1A134D2}.Ad-Hoc|iPhoneSimulator.Deploy.0 = Release|Any CPU
		{4193D520-88F0-4D26-9F55-60FDF1A134D2}.Ad-Hoc|x64.ActiveCfg = Release|Any CPU
		{4193D520-88F0-4D26-9F55-60FDF1A134D2}.Ad-Hoc|x64.Build.0 = Release|Any CPU
		{4193D520-88F0-4D26-9F55-60FDF1A134D2}.Ad-Hoc|x64.Deploy.0 = Release|Any CPU
		{4193D520-88F0-4D26-9F55-60FDF1A134D2}.Ad-Hoc|x86.ActiveCfg = Release|Any CPU
		{4193D520-88F0-4D26-9F55-60FDF1A134D2}.Ad-Hoc|x86.Build.0 = Release|Any CPU
		{4193D520-88F0-4D26-9F55-60FDF1A134D2}.Ad-Hoc|x86.Deploy.0 = Release|Any CPU
		{4193D520-88F0-4D26-9F55-60FDF1A134D2}.AppStore|Any CPU.ActiveCfg = Release|Any CPU
		{4193D520-88F0-4D26-9F55-60FDF1A134D2}.AppStore|Any CPU.Build.0 = Release|Any CPU
		{4193D520-88F0-4D26-9F55-60FDF1A134D2}.AppStore|Any CPU.Deploy.0 = Release|Any CPU
		{4193D520-88F0-4D26-9F55-60FDF1A134D2}.AppStore|ARM.ActiveCfg = Release|Any CPU
		{4193D520-88F0-4D26-9F55-60FDF1A134D2}.AppStore|ARM.Build.0 = Release|Any CPU
		{4193D520-88F0-4D26-9F55-60FDF1A134D2}.AppStore|ARM.Deploy.0 = Release|Any CPU
		{4193D520-88F0-4D26-9F55-60FDF1A134D2}.AppStore|iPhone.ActiveCfg = Release|Any CPU
		{4193D520-88F0-4D26-9F55-60FDF1A134D2}.AppStore|iPhone.Build.0 = Release|Any CPU
		{4193D520-88F0-4D26-9F55-60FDF1A134D2}.AppStore|iPhone.Deploy.0 = Release|Any CPU
		{4193D520-88F0-4D26-9F55-60FDF1A134D2}.AppStore|iPhoneSimulator.ActiveCfg = Release|Any CPU
		{4193D520-88F0-4D26-9F55-60FDF1A134D2}.AppStore|iPhoneSimulator.Build.0 = Release|Any CPU
		{4193D520-88F0-4D26-9F55-60FDF1A134D2}.AppStore|iPhoneSimulator.Deploy.0 = Release|Any CPU
		{4193D520-88F0-4D26-9F55-60FDF1A134D2}.AppStore|x64.ActiveCfg = Release|Any CPU
		{4193D520-88F0-4D26-9F55-60FDF1A134D2}.AppStore|x64.Build.0 = Release|Any CPU
		{4193D520-88F0-4D26-9F55-60FDF1A134D2}.AppStore|x64.Deploy.0 = Release|Any CPU
		{4193D520-88F0-4D26-9F55-60FDF1A134D2}.AppStore|x86.ActiveCfg = Release|Any CPU
		{4193D520-88F0-4D26-9F55-60FDF1A134D2}.AppStore|x86.Build.0 = Release|Any CPU
		{4193D520-88F0-4D26-9F55-60FDF1A134D2}.AppStore|x86.Deploy.0 = Release|Any CPU
		{4193D520-88F0-4D26-9F55-60FDF1A134D2}.Debug|Any CPU.ActiveCfg = Debug|Any CPU
		{4193D520-88F0-4D26-9F55-60FDF1A134D2}.Debug|Any CPU.Build.0 = Debug|Any CPU
		{4193D520-88F0-4D26-9F55-60FDF1A134D2}.Debug|Any CPU.Deploy.0 = Debug|Any CPU
		{4193D520-88F0-4D26-9F55-60FDF1A134D2}.Debug|ARM.ActiveCfg = Debug|Any CPU
		{4193D520-88F0-4D26-9F55-60FDF1A134D2}.Debug|ARM.Build.0 = Debug|Any CPU
		{4193D520-88F0-4D26-9F55-60FDF1A134D2}.Debug|ARM.Deploy.0 = Debug|Any CPU
		{4193D520-88F0-4D26-9F55-60FDF1A134D2}.Debug|iPhone.ActiveCfg = Debug|Any CPU
		{4193D520-88F0-4D26-9F55-60FDF1A134D2}.Debug|iPhone.Build.0 = Debug|Any CPU
		{4193D520-88F0-4D26-9F55-60FDF1A134D2}.Debug|iPhone.Deploy.0 = Debug|Any CPU
		{4193D520-88F0-4D26-9F55-60FDF1A134D2}.Debug|iPhoneSimulator.ActiveCfg = Debug|Any CPU
		{4193D520-88F0-4D26-9F55-60FDF1A134D2}.Debug|iPhoneSimulator.Build.0 = Debug|Any CPU
		{4193D520-88F0-4D26-9F55-60FDF1A134D2}.Debug|iPhoneSimulator.Deploy.0 = Debug|Any CPU
		{4193D520-88F0-4D26-9F55-60FDF1A134D2}.Debug|x64.ActiveCfg = Debug|Any CPU
		{4193D520-88F0-4D26-9F55-60FDF1A134D2}.Debug|x64.Build.0 = Debug|Any CPU
		{4193D520-88F0-4D26-9F55-60FDF1A134D2}.Debug|x64.Deploy.0 = Debug|Any CPU
		{4193D520-88F0-4D26-9F55-60FDF1A134D2}.Debug|x86.ActiveCfg = Debug|Any CPU
		{4193D520-88F0-4D26-9F55-60FDF1A134D2}.Debug|x86.Build.0 = Debug|Any CPU
		{4193D520-88F0-4D26-9F55-60FDF1A134D2}.Debug|x86.Deploy.0 = Debug|Any CPU
		{4193D520-88F0-4D26-9F55-60FDF1A134D2}.Release|Any CPU.ActiveCfg = Release|Any CPU
		{4193D520-88F0-4D26-9F55-60FDF1A134D2}.Release|Any CPU.Build.0 = Release|Any CPU
		{4193D520-88F0-4D26-9F55-60FDF1A134D2}.Release|Any CPU.Deploy.0 = Release|Any CPU
		{4193D520-88F0-4D26-9F55-60FDF1A134D2}.Release|ARM.ActiveCfg = Release|Any CPU
		{4193D520-88F0-4D26-9F55-60FDF1A134D2}.Release|ARM.Build.0 = Release|Any CPU
		{4193D520-88F0-4D26-9F55-60FDF1A134D2}.Release|ARM.Deploy.0 = Release|Any CPU
		{4193D520-88F0-4D26-9F55-60FDF1A134D2}.Release|iPhone.ActiveCfg = Release|Any CPU
		{4193D520-88F0-4D26-9F55-60FDF1A134D2}.Release|iPhone.Build.0 = Release|Any CPU
		{4193D520-88F0-4D26-9F55-60FDF1A134D2}.Release|iPhone.Deploy.0 = Release|Any CPU
		{4193D520-88F0-4D26-9F55-60FDF1A134D2}.Release|iPhoneSimulator.ActiveCfg = Release|Any CPU
		{4193D520-88F0-4D26-9F55-60FDF1A134D2}.Release|iPhoneSimulator.Build.0 = Release|Any CPU
		{4193D520-88F0-4D26-9F55-60FDF1A134D2}.Release|iPhoneSimulator.Deploy.0 = Release|Any CPU
		{4193D520-88F0-4D26-9F55-60FDF1A134D2}.Release|x64.ActiveCfg = Release|Any CPU
		{4193D520-88F0-4D26-9F55-60FDF1A134D2}.Release|x64.Build.0 = Release|Any CPU
		{4193D520-88F0-4D26-9F55-60FDF1A134D2}.Release|x64.Deploy.0 = Release|Any CPU
		{4193D520-88F0-4D26-9F55-60FDF1A134D2}.Release|x86.ActiveCfg = Release|Any CPU
		{4193D520-88F0-4D26-9F55-60FDF1A134D2}.Release|x86.Build.0 = Release|Any CPU
		{4193D520-88F0-4D26-9F55-60FDF1A134D2}.Release|x86.Deploy.0 = Release|Any CPU
		{4CE0CA7C-24BF-473A-95BC-06AA4B611792}.Ad-Hoc|Any CPU.ActiveCfg = Ad-Hoc|iPhone
		{4CE0CA7C-24BF-473A-95BC-06AA4B611792}.Ad-Hoc|Any CPU.Build.0 = Ad-Hoc|iPhone
		{4CE0CA7C-24BF-473A-95BC-06AA4B611792}.Ad-Hoc|Any CPU.Deploy.0 = Ad-Hoc|iPhone
		{4CE0CA7C-24BF-473A-95BC-06AA4B611792}.Ad-Hoc|ARM.ActiveCfg = Ad-Hoc|iPhone
		{4CE0CA7C-24BF-473A-95BC-06AA4B611792}.Ad-Hoc|ARM.Build.0 = Ad-Hoc|iPhone
		{4CE0CA7C-24BF-473A-95BC-06AA4B611792}.Ad-Hoc|ARM.Deploy.0 = Ad-Hoc|iPhone
		{4CE0CA7C-24BF-473A-95BC-06AA4B611792}.Ad-Hoc|iPhone.ActiveCfg = Ad-Hoc|iPhone
		{4CE0CA7C-24BF-473A-95BC-06AA4B611792}.Ad-Hoc|iPhone.Build.0 = Ad-Hoc|iPhone
		{4CE0CA7C-24BF-473A-95BC-06AA4B611792}.Ad-Hoc|iPhone.Deploy.0 = Ad-Hoc|iPhone
		{4CE0CA7C-24BF-473A-95BC-06AA4B611792}.Ad-Hoc|iPhoneSimulator.ActiveCfg = Ad-Hoc|iPhoneSimulator
		{4CE0CA7C-24BF-473A-95BC-06AA4B611792}.Ad-Hoc|iPhoneSimulator.Build.0 = Ad-Hoc|iPhoneSimulator
		{4CE0CA7C-24BF-473A-95BC-06AA4B611792}.Ad-Hoc|iPhoneSimulator.Deploy.0 = Ad-Hoc|iPhoneSimulator
		{4CE0CA7C-24BF-473A-95BC-06AA4B611792}.Ad-Hoc|x64.ActiveCfg = Ad-Hoc|iPhone
		{4CE0CA7C-24BF-473A-95BC-06AA4B611792}.Ad-Hoc|x64.Build.0 = Ad-Hoc|iPhone
		{4CE0CA7C-24BF-473A-95BC-06AA4B611792}.Ad-Hoc|x64.Deploy.0 = Ad-Hoc|iPhone
		{4CE0CA7C-24BF-473A-95BC-06AA4B611792}.Ad-Hoc|x86.ActiveCfg = Ad-Hoc|iPhone
		{4CE0CA7C-24BF-473A-95BC-06AA4B611792}.Ad-Hoc|x86.Build.0 = Ad-Hoc|iPhone
		{4CE0CA7C-24BF-473A-95BC-06AA4B611792}.Ad-Hoc|x86.Deploy.0 = Ad-Hoc|iPhone
		{4CE0CA7C-24BF-473A-95BC-06AA4B611792}.AppStore|Any CPU.ActiveCfg = AppStore|iPhone
		{4CE0CA7C-24BF-473A-95BC-06AA4B611792}.AppStore|Any CPU.Build.0 = AppStore|iPhone
		{4CE0CA7C-24BF-473A-95BC-06AA4B611792}.AppStore|Any CPU.Deploy.0 = AppStore|iPhone
		{4CE0CA7C-24BF-473A-95BC-06AA4B611792}.AppStore|ARM.ActiveCfg = AppStore|iPhone
		{4CE0CA7C-24BF-473A-95BC-06AA4B611792}.AppStore|ARM.Build.0 = AppStore|iPhone
		{4CE0CA7C-24BF-473A-95BC-06AA4B611792}.AppStore|ARM.Deploy.0 = AppStore|iPhone
		{4CE0CA7C-24BF-473A-95BC-06AA4B611792}.AppStore|iPhone.ActiveCfg = AppStore|iPhone
		{4CE0CA7C-24BF-473A-95BC-06AA4B611792}.AppStore|iPhone.Build.0 = AppStore|iPhone
		{4CE0CA7C-24BF-473A-95BC-06AA4B611792}.AppStore|iPhone.Deploy.0 = AppStore|iPhone
		{4CE0CA7C-24BF-473A-95BC-06AA4B611792}.AppStore|iPhoneSimulator.ActiveCfg = AppStore|iPhoneSimulator
		{4CE0CA7C-24BF-473A-95BC-06AA4B611792}.AppStore|iPhoneSimulator.Build.0 = AppStore|iPhoneSimulator
		{4CE0CA7C-24BF-473A-95BC-06AA4B611792}.AppStore|iPhoneSimulator.Deploy.0 = AppStore|iPhoneSimulator
		{4CE0CA7C-24BF-473A-95BC-06AA4B611792}.AppStore|x64.ActiveCfg = AppStore|iPhone
		{4CE0CA7C-24BF-473A-95BC-06AA4B611792}.AppStore|x64.Build.0 = AppStore|iPhone
		{4CE0CA7C-24BF-473A-95BC-06AA4B611792}.AppStore|x64.Deploy.0 = AppStore|iPhone
		{4CE0CA7C-24BF-473A-95BC-06AA4B611792}.AppStore|x86.ActiveCfg = AppStore|iPhone
		{4CE0CA7C-24BF-473A-95BC-06AA4B611792}.AppStore|x86.Build.0 = AppStore|iPhone
		{4CE0CA7C-24BF-473A-95BC-06AA4B611792}.AppStore|x86.Deploy.0 = AppStore|iPhone
		{4CE0CA7C-24BF-473A-95BC-06AA4B611792}.Debug|Any CPU.ActiveCfg = Debug|iPhoneSimulator
		{4CE0CA7C-24BF-473A-95BC-06AA4B611792}.Debug|Any CPU.Build.0 = Debug|iPhoneSimulator
		{4CE0CA7C-24BF-473A-95BC-06AA4B611792}.Debug|Any CPU.Deploy.0 = Debug|iPhoneSimulator
		{4CE0CA7C-24BF-473A-95BC-06AA4B611792}.Debug|ARM.ActiveCfg = Debug|iPhone
		{4CE0CA7C-24BF-473A-95BC-06AA4B611792}.Debug|ARM.Build.0 = Debug|iPhone
		{4CE0CA7C-24BF-473A-95BC-06AA4B611792}.Debug|ARM.Deploy.0 = Debug|iPhone
		{4CE0CA7C-24BF-473A-95BC-06AA4B611792}.Debug|iPhone.ActiveCfg = Debug|iPhone
		{4CE0CA7C-24BF-473A-95BC-06AA4B611792}.Debug|iPhone.Build.0 = Debug|iPhone
		{4CE0CA7C-24BF-473A-95BC-06AA4B611792}.Debug|iPhone.Deploy.0 = Debug|iPhone
		{4CE0CA7C-24BF-473A-95BC-06AA4B611792}.Debug|iPhoneSimulator.ActiveCfg = Debug|iPhoneSimulator
		{4CE0CA7C-24BF-473A-95BC-06AA4B611792}.Debug|iPhoneSimulator.Build.0 = Debug|iPhoneSimulator
		{4CE0CA7C-24BF-473A-95BC-06AA4B611792}.Debug|iPhoneSimulator.Deploy.0 = Debug|iPhoneSimulator
		{4CE0CA7C-24BF-473A-95BC-06AA4B611792}.Debug|x64.ActiveCfg = Debug|iPhone
		{4CE0CA7C-24BF-473A-95BC-06AA4B611792}.Debug|x64.Build.0 = Debug|iPhone
		{4CE0CA7C-24BF-473A-95BC-06AA4B611792}.Debug|x64.Deploy.0 = Debug|iPhone
		{4CE0CA7C-24BF-473A-95BC-06AA4B611792}.Debug|x86.ActiveCfg = Debug|iPhone
		{4CE0CA7C-24BF-473A-95BC-06AA4B611792}.Debug|x86.Build.0 = Debug|iPhone
		{4CE0CA7C-24BF-473A-95BC-06AA4B611792}.Debug|x86.Deploy.0 = Debug|iPhone
		{4CE0CA7C-24BF-473A-95BC-06AA4B611792}.Release|Any CPU.ActiveCfg = Release|iPhone
		{4CE0CA7C-24BF-473A-95BC-06AA4B611792}.Release|Any CPU.Build.0 = Release|iPhone
		{4CE0CA7C-24BF-473A-95BC-06AA4B611792}.Release|Any CPU.Deploy.0 = Release|iPhone
		{4CE0CA7C-24BF-473A-95BC-06AA4B611792}.Release|ARM.ActiveCfg = Release|iPhone
		{4CE0CA7C-24BF-473A-95BC-06AA4B611792}.Release|ARM.Build.0 = Release|iPhone
		{4CE0CA7C-24BF-473A-95BC-06AA4B611792}.Release|ARM.Deploy.0 = Release|iPhone
		{4CE0CA7C-24BF-473A-95BC-06AA4B611792}.Release|iPhone.ActiveCfg = Release|iPhone
		{4CE0CA7C-24BF-473A-95BC-06AA4B611792}.Release|iPhone.Build.0 = Release|iPhone
		{4CE0CA7C-24BF-473A-95BC-06AA4B611792}.Release|iPhone.Deploy.0 = Release|iPhone
		{4CE0CA7C-24BF-473A-95BC-06AA4B611792}.Release|iPhoneSimulator.ActiveCfg = Release|iPhoneSimulator
		{4CE0CA7C-24BF-473A-95BC-06AA4B611792}.Release|iPhoneSimulator.Build.0 = Release|iPhoneSimulator
		{4CE0CA7C-24BF-473A-95BC-06AA4B611792}.Release|iPhoneSimulator.Deploy.0 = Release|iPhoneSimulator
		{4CE0CA7C-24BF-473A-95BC-06AA4B611792}.Release|x64.ActiveCfg = Release|iPhone
		{4CE0CA7C-24BF-473A-95BC-06AA4B611792}.Release|x64.Build.0 = Release|iPhone
		{4CE0CA7C-24BF-473A-95BC-06AA4B611792}.Release|x64.Deploy.0 = Release|iPhone
		{4CE0CA7C-24BF-473A-95BC-06AA4B611792}.Release|x86.ActiveCfg = Release|iPhone
		{4CE0CA7C-24BF-473A-95BC-06AA4B611792}.Release|x86.Build.0 = Release|iPhone
		{4CE0CA7C-24BF-473A-95BC-06AA4B611792}.Release|x86.Deploy.0 = Release|iPhone
		{F3A7C2C2-F653-425E-AA10-4375BB6E20D0}.Ad-Hoc|Any CPU.ActiveCfg = Release|x86
		{F3A7C2C2-F653-425E-AA10-4375BB6E20D0}.Ad-Hoc|Any CPU.Build.0 = Release|x86
		{F3A7C2C2-F653-425E-AA10-4375BB6E20D0}.Ad-Hoc|Any CPU.Deploy.0 = Release|x86
		{F3A7C2C2-F653-425E-AA10-4375BB6E20D0}.Ad-Hoc|ARM.ActiveCfg = Release|ARM
		{F3A7C2C2-F653-425E-AA10-4375BB6E20D0}.Ad-Hoc|ARM.Build.0 = Release|ARM
		{F3A7C2C2-F653-425E-AA10-4375BB6E20D0}.Ad-Hoc|ARM.Deploy.0 = Release|ARM
		{F3A7C2C2-F653-425E-AA10-4375BB6E20D0}.Ad-Hoc|iPhone.ActiveCfg = Release|x86
		{F3A7C2C2-F653-425E-AA10-4375BB6E20D0}.Ad-Hoc|iPhone.Build.0 = Release|x86
		{F3A7C2C2-F653-425E-AA10-4375BB6E20D0}.Ad-Hoc|iPhone.Deploy.0 = Release|x86
		{F3A7C2C2-F653-425E-AA10-4375BB6E20D0}.Ad-Hoc|iPhoneSimulator.ActiveCfg = Release|x86
		{F3A7C2C2-F653-425E-AA10-4375BB6E20D0}.Ad-Hoc|iPhoneSimulator.Build.0 = Release|x86
		{F3A7C2C2-F653-425E-AA10-4375BB6E20D0}.Ad-Hoc|iPhoneSimulator.Deploy.0 = Release|x86
		{F3A7C2C2-F653-425E-AA10-4375BB6E20D0}.Ad-Hoc|x64.ActiveCfg = Release|x64
		{F3A7C2C2-F653-425E-AA10-4375BB6E20D0}.Ad-Hoc|x64.Build.0 = Release|x64
		{F3A7C2C2-F653-425E-AA10-4375BB6E20D0}.Ad-Hoc|x64.Deploy.0 = Release|x64
		{F3A7C2C2-F653-425E-AA10-4375BB6E20D0}.Ad-Hoc|x86.ActiveCfg = Release|x86
		{F3A7C2C2-F653-425E-AA10-4375BB6E20D0}.Ad-Hoc|x86.Build.0 = Release|x86
		{F3A7C2C2-F653-425E-AA10-4375BB6E20D0}.Ad-Hoc|x86.Deploy.0 = Release|x86
		{F3A7C2C2-F653-425E-AA10-4375BB6E20D0}.AppStore|Any CPU.ActiveCfg = Release|x86
		{F3A7C2C2-F653-425E-AA10-4375BB6E20D0}.AppStore|Any CPU.Build.0 = Release|x86
		{F3A7C2C2-F653-425E-AA10-4375BB6E20D0}.AppStore|Any CPU.Deploy.0 = Release|x86
		{F3A7C2C2-F653-425E-AA10-4375BB6E20D0}.AppStore|ARM.ActiveCfg = Release|ARM
		{F3A7C2C2-F653-425E-AA10-4375BB6E20D0}.AppStore|ARM.Build.0 = Release|ARM
		{F3A7C2C2-F653-425E-AA10-4375BB6E20D0}.AppStore|ARM.Deploy.0 = Release|ARM
		{F3A7C2C2-F653-425E-AA10-4375BB6E20D0}.AppStore|iPhone.ActiveCfg = Release|x86
		{F3A7C2C2-F653-425E-AA10-4375BB6E20D0}.AppStore|iPhone.Build.0 = Release|x86
		{F3A7C2C2-F653-425E-AA10-4375BB6E20D0}.AppStore|iPhone.Deploy.0 = Release|x86
		{F3A7C2C2-F653-425E-AA10-4375BB6E20D0}.AppStore|iPhoneSimulator.ActiveCfg = Release|x86
		{F3A7C2C2-F653-425E-AA10-4375BB6E20D0}.AppStore|iPhoneSimulator.Build.0 = Release|x86
		{F3A7C2C2-F653-425E-AA10-4375BB6E20D0}.AppStore|iPhoneSimulator.Deploy.0 = Release|x86
		{F3A7C2C2-F653-425E-AA10-4375BB6E20D0}.AppStore|x64.ActiveCfg = Release|x64
		{F3A7C2C2-F653-425E-AA10-4375BB6E20D0}.AppStore|x64.Build.0 = Release|x64
		{F3A7C2C2-F653-425E-AA10-4375BB6E20D0}.AppStore|x64.Deploy.0 = Release|x64
		{F3A7C2C2-F653-425E-AA10-4375BB6E20D0}.AppStore|x86.ActiveCfg = Release|x86
		{F3A7C2C2-F653-425E-AA10-4375BB6E20D0}.AppStore|x86.Build.0 = Release|x86
		{F3A7C2C2-F653-425E-AA10-4375BB6E20D0}.AppStore|x86.Deploy.0 = Release|x86
		{F3A7C2C2-F653-425E-AA10-4375BB6E20D0}.Debug|Any CPU.ActiveCfg = Debug|x86
		{F3A7C2C2-F653-425E-AA10-4375BB6E20D0}.Debug|Any CPU.Build.0 = Debug|x86
		{F3A7C2C2-F653-425E-AA10-4375BB6E20D0}.Debug|Any CPU.Deploy.0 = Debug|x86
		{F3A7C2C2-F653-425E-AA10-4375BB6E20D0}.Debug|ARM.ActiveCfg = Debug|ARM
		{F3A7C2C2-F653-425E-AA10-4375BB6E20D0}.Debug|ARM.Build.0 = Debug|ARM
		{F3A7C2C2-F653-425E-AA10-4375BB6E20D0}.Debug|ARM.Deploy.0 = Debug|ARM
		{F3A7C2C2-F653-425E-AA10-4375BB6E20D0}.Debug|iPhone.ActiveCfg = Debug|x86
		{F3A7C2C2-F653-425E-AA10-4375BB6E20D0}.Debug|iPhone.Build.0 = Debug|x86
		{F3A7C2C2-F653-425E-AA10-4375BB6E20D0}.Debug|iPhone.Deploy.0 = Debug|x86
		{F3A7C2C2-F653-425E-AA10-4375BB6E20D0}.Debug|iPhoneSimulator.ActiveCfg = Debug|x86
		{F3A7C2C2-F653-425E-AA10-4375BB6E20D0}.Debug|iPhoneSimulator.Build.0 = Debug|x86
		{F3A7C2C2-F653-425E-AA10-4375BB6E20D0}.Debug|iPhoneSimulator.Deploy.0 = Debug|x86
		{F3A7C2C2-F653-425E-AA10-4375BB6E20D0}.Debug|x64.ActiveCfg = Debug|x64
		{F3A7C2C2-F653-425E-AA10-4375BB6E20D0}.Debug|x64.Build.0 = Debug|x64
		{F3A7C2C2-F653-425E-AA10-4375BB6E20D0}.Debug|x64.Deploy.0 = Debug|x64
		{F3A7C2C2-F653-425E-AA10-4375BB6E20D0}.Debug|x86.ActiveCfg = Debug|x86
		{F3A7C2C2-F653-425E-AA10-4375BB6E20D0}.Debug|x86.Build.0 = Debug|x86
		{F3A7C2C2-F653-425E-AA10-4375BB6E20D0}.Debug|x86.Deploy.0 = Debug|x86
		{F3A7C2C2-F653-425E-AA10-4375BB6E20D0}.Release|Any CPU.ActiveCfg = Release|x86
		{F3A7C2C2-F653-425E-AA10-4375BB6E20D0}.Release|Any CPU.Build.0 = Release|x86
		{F3A7C2C2-F653-425E-AA10-4375BB6E20D0}.Release|Any CPU.Deploy.0 = Release|x86
		{F3A7C2C2-F653-425E-AA10-4375BB6E20D0}.Release|ARM.ActiveCfg = Release|ARM
		{F3A7C2C2-F653-425E-AA10-4375BB6E20D0}.Release|ARM.Build.0 = Release|ARM
		{F3A7C2C2-F653-425E-AA10-4375BB6E20D0}.Release|ARM.Deploy.0 = Release|ARM
		{F3A7C2C2-F653-425E-AA10-4375BB6E20D0}.Release|iPhone.ActiveCfg = Release|x86
		{F3A7C2C2-F653-425E-AA10-4375BB6E20D0}.Release|iPhone.Build.0 = Release|x86
		{F3A7C2C2-F653-425E-AA10-4375BB6E20D0}.Release|iPhone.Deploy.0 = Release|x86
		{F3A7C2C2-F653-425E-AA10-4375BB6E20D0}.Release|iPhoneSimulator.ActiveCfg = Release|x86
		{F3A7C2C2-F653-425E-AA10-4375BB6E20D0}.Release|iPhoneSimulator.Build.0 = Release|x86
		{F3A7C2C2-F653-425E-AA10-4375BB6E20D0}.Release|iPhoneSimulator.Deploy.0 = Release|x86
		{F3A7C2C2-F653-425E-AA10-4375BB6E20D0}.Release|x64.ActiveCfg = Release|x64
		{F3A7C2C2-F653-425E-AA10-4375BB6E20D0}.Release|x64.Build.0 = Release|x64
		{F3A7C2C2-F653-425E-AA10-4375BB6E20D0}.Release|x64.Deploy.0 = Release|x64
		{F3A7C2C2-F653-425E-AA10-4375BB6E20D0}.Release|x86.ActiveCfg = Release|x86
		{F3A7C2C2-F653-425E-AA10-4375BB6E20D0}.Release|x86.Build.0 = Release|x86
		{F3A7C2C2-F653-425E-AA10-4375BB6E20D0}.Release|x86.Deploy.0 = Release|x86
		{C1C10518-87BA-4BDF-B8AA-C4F457F78A98}.Ad-Hoc|Any CPU.ActiveCfg = Debug|Any CPU
		{C1C10518-87BA-4BDF-B8AA-C4F457F78A98}.Ad-Hoc|Any CPU.Build.0 = Debug|Any CPU
		{C1C10518-87BA-4BDF-B8AA-C4F457F78A98}.Ad-Hoc|Any CPU.Deploy.0 = Debug|Any CPU
		{C1C10518-87BA-4BDF-B8AA-C4F457F78A98}.Ad-Hoc|ARM.ActiveCfg = Debug|Any CPU
		{C1C10518-87BA-4BDF-B8AA-C4F457F78A98}.Ad-Hoc|ARM.Build.0 = Debug|Any CPU
		{C1C10518-87BA-4BDF-B8AA-C4F457F78A98}.Ad-Hoc|ARM.Deploy.0 = Debug|Any CPU
		{C1C10518-87BA-4BDF-B8AA-C4F457F78A98}.Ad-Hoc|iPhone.ActiveCfg = Debug|Any CPU
		{C1C10518-87BA-4BDF-B8AA-C4F457F78A98}.Ad-Hoc|iPhone.Build.0 = Debug|Any CPU
		{C1C10518-87BA-4BDF-B8AA-C4F457F78A98}.Ad-Hoc|iPhone.Deploy.0 = Debug|Any CPU
		{C1C10518-87BA-4BDF-B8AA-C4F457F78A98}.Ad-Hoc|iPhoneSimulator.ActiveCfg = Debug|Any CPU
		{C1C10518-87BA-4BDF-B8AA-C4F457F78A98}.Ad-Hoc|iPhoneSimulator.Build.0 = Debug|Any CPU
		{C1C10518-87BA-4BDF-B8AA-C4F457F78A98}.Ad-Hoc|iPhoneSimulator.Deploy.0 = Debug|Any CPU
		{C1C10518-87BA-4BDF-B8AA-C4F457F78A98}.Ad-Hoc|x64.ActiveCfg = Debug|Any CPU
		{C1C10518-87BA-4BDF-B8AA-C4F457F78A98}.Ad-Hoc|x64.Build.0 = Debug|Any CPU
		{C1C10518-87BA-4BDF-B8AA-C4F457F78A98}.Ad-Hoc|x64.Deploy.0 = Debug|Any CPU
		{C1C10518-87BA-4BDF-B8AA-C4F457F78A98}.Ad-Hoc|x86.ActiveCfg = Debug|Any CPU
		{C1C10518-87BA-4BDF-B8AA-C4F457F78A98}.Ad-Hoc|x86.Build.0 = Debug|Any CPU
		{C1C10518-87BA-4BDF-B8AA-C4F457F78A98}.Ad-Hoc|x86.Deploy.0 = Debug|Any CPU
		{C1C10518-87BA-4BDF-B8AA-C4F457F78A98}.AppStore|Any CPU.ActiveCfg = Debug|Any CPU
		{C1C10518-87BA-4BDF-B8AA-C4F457F78A98}.AppStore|Any CPU.Build.0 = Debug|Any CPU
		{C1C10518-87BA-4BDF-B8AA-C4F457F78A98}.AppStore|Any CPU.Deploy.0 = Debug|Any CPU
		{C1C10518-87BA-4BDF-B8AA-C4F457F78A98}.AppStore|ARM.ActiveCfg = Debug|Any CPU
		{C1C10518-87BA-4BDF-B8AA-C4F457F78A98}.AppStore|ARM.Build.0 = Debug|Any CPU
		{C1C10518-87BA-4BDF-B8AA-C4F457F78A98}.AppStore|ARM.Deploy.0 = Debug|Any CPU
		{C1C10518-87BA-4BDF-B8AA-C4F457F78A98}.AppStore|iPhone.ActiveCfg = Debug|Any CPU
		{C1C10518-87BA-4BDF-B8AA-C4F457F78A98}.AppStore|iPhone.Build.0 = Debug|Any CPU
		{C1C10518-87BA-4BDF-B8AA-C4F457F78A98}.AppStore|iPhone.Deploy.0 = Debug|Any CPU
		{C1C10518-87BA-4BDF-B8AA-C4F457F78A98}.AppStore|iPhoneSimulator.ActiveCfg = Debug|Any CPU
		{C1C10518-87BA-4BDF-B8AA-C4F457F78A98}.AppStore|iPhoneSimulator.Build.0 = Debug|Any CPU
		{C1C10518-87BA-4BDF-B8AA-C4F457F78A98}.AppStore|iPhoneSimulator.Deploy.0 = Debug|Any CPU
		{C1C10518-87BA-4BDF-B8AA-C4F457F78A98}.AppStore|x64.ActiveCfg = Debug|Any CPU
		{C1C10518-87BA-4BDF-B8AA-C4F457F78A98}.AppStore|x64.Build.0 = Debug|Any CPU
		{C1C10518-87BA-4BDF-B8AA-C4F457F78A98}.AppStore|x64.Deploy.0 = Debug|Any CPU
		{C1C10518-87BA-4BDF-B8AA-C4F457F78A98}.AppStore|x86.ActiveCfg = Debug|Any CPU
		{C1C10518-87BA-4BDF-B8AA-C4F457F78A98}.AppStore|x86.Build.0 = Debug|Any CPU
		{C1C10518-87BA-4BDF-B8AA-C4F457F78A98}.AppStore|x86.Deploy.0 = Debug|Any CPU
		{C1C10518-87BA-4BDF-B8AA-C4F457F78A98}.Debug|Any CPU.ActiveCfg = Debug|Any CPU
		{C1C10518-87BA-4BDF-B8AA-C4F457F78A98}.Debug|Any CPU.Build.0 = Debug|Any CPU
		{C1C10518-87BA-4BDF-B8AA-C4F457F78A98}.Debug|Any CPU.Deploy.0 = Debug|Any CPU
		{C1C10518-87BA-4BDF-B8AA-C4F457F78A98}.Debug|ARM.ActiveCfg = Debug|Any CPU
		{C1C10518-87BA-4BDF-B8AA-C4F457F78A98}.Debug|ARM.Build.0 = Debug|Any CPU
		{C1C10518-87BA-4BDF-B8AA-C4F457F78A98}.Debug|ARM.Deploy.0 = Debug|Any CPU
		{C1C10518-87BA-4BDF-B8AA-C4F457F78A98}.Debug|iPhone.ActiveCfg = Debug|Any CPU
		{C1C10518-87BA-4BDF-B8AA-C4F457F78A98}.Debug|iPhone.Build.0 = Debug|Any CPU
		{C1C10518-87BA-4BDF-B8AA-C4F457F78A98}.Debug|iPhone.Deploy.0 = Debug|Any CPU
		{C1C10518-87BA-4BDF-B8AA-C4F457F78A98}.Debug|iPhoneSimulator.ActiveCfg = Debug|Any CPU
		{C1C10518-87BA-4BDF-B8AA-C4F457F78A98}.Debug|iPhoneSimulator.Build.0 = Debug|Any CPU
		{C1C10518-87BA-4BDF-B8AA-C4F457F78A98}.Debug|iPhoneSimulator.Deploy.0 = Debug|Any CPU
		{C1C10518-87BA-4BDF-B8AA-C4F457F78A98}.Debug|x64.ActiveCfg = Debug|Any CPU
		{C1C10518-87BA-4BDF-B8AA-C4F457F78A98}.Debug|x64.Build.0 = Debug|Any CPU
		{C1C10518-87BA-4BDF-B8AA-C4F457F78A98}.Debug|x64.Deploy.0 = Debug|Any CPU
		{C1C10518-87BA-4BDF-B8AA-C4F457F78A98}.Debug|x86.ActiveCfg = Debug|Any CPU
		{C1C10518-87BA-4BDF-B8AA-C4F457F78A98}.Debug|x86.Build.0 = Debug|Any CPU
		{C1C10518-87BA-4BDF-B8AA-C4F457F78A98}.Debug|x86.Deploy.0 = Debug|Any CPU
		{C1C10518-87BA-4BDF-B8AA-C4F457F78A98}.Release|Any CPU.ActiveCfg = Release|Any CPU
		{C1C10518-87BA-4BDF-B8AA-C4F457F78A98}.Release|Any CPU.Build.0 = Release|Any CPU
		{C1C10518-87BA-4BDF-B8AA-C4F457F78A98}.Release|Any CPU.Deploy.0 = Release|Any CPU
		{C1C10518-87BA-4BDF-B8AA-C4F457F78A98}.Release|ARM.ActiveCfg = Release|Any CPU
		{C1C10518-87BA-4BDF-B8AA-C4F457F78A98}.Release|ARM.Build.0 = Release|Any CPU
		{C1C10518-87BA-4BDF-B8AA-C4F457F78A98}.Release|ARM.Deploy.0 = Release|Any CPU
		{C1C10518-87BA-4BDF-B8AA-C4F457F78A98}.Release|iPhone.ActiveCfg = Release|Any CPU
		{C1C10518-87BA-4BDF-B8AA-C4F457F78A98}.Release|iPhone.Build.0 = Release|Any CPU
		{C1C10518-87BA-4BDF-B8AA-C4F457F78A98}.Release|iPhone.Deploy.0 = Release|Any CPU
		{C1C10518-87BA-4BDF-B8AA-C4F457F78A98}.Release|iPhoneSimulator.ActiveCfg = Release|Any CPU
		{C1C10518-87BA-4BDF-B8AA-C4F457F78A98}.Release|iPhoneSimulator.Build.0 = Release|Any CPU
		{C1C10518-87BA-4BDF-B8AA-C4F457F78A98}.Release|iPhoneSimulator.Deploy.0 = Release|Any CPU
		{C1C10518-87BA-4BDF-B8AA-C4F457F78A98}.Release|x64.ActiveCfg = Release|Any CPU
		{C1C10518-87BA-4BDF-B8AA-C4F457F78A98}.Release|x64.Build.0 = Release|Any CPU
		{C1C10518-87BA-4BDF-B8AA-C4F457F78A98}.Release|x64.Deploy.0 = Release|Any CPU
		{C1C10518-87BA-4BDF-B8AA-C4F457F78A98}.Release|x86.ActiveCfg = Release|Any CPU
		{C1C10518-87BA-4BDF-B8AA-C4F457F78A98}.Release|x86.Build.0 = Release|Any CPU
		{C1C10518-87BA-4BDF-B8AA-C4F457F78A98}.Release|x86.Deploy.0 = Release|Any CPU
	EndGlobalSection
	GlobalSection(SolutionProperties) = preSolution
		HideSolutionNode = FALSE
	EndGlobalSection
	GlobalSection(ExtensibilityGlobals) = postSolution
		SolutionGuid = {4CB844D9-E5D1-4234-9097-FC4EC8DBDF64}
	EndGlobalSection
EndGlobal
